
Microsoft Visual Studio Solution File, Format Version 12.00
# Visual Studio 2012
Project("{FAE04EC0-301F-11D3-BF4B-00C04F79EFBC}") = "GearStatDNA", "GearStatDNA\GearStatDNA.csproj", "{E5C213A2-9E72-4CF0-B3C4-7973326F4328}"
EndProject
Project("{FAE04EC0-301F-11D3-BF4B-00C04F79EFBC}") = "GearStatDNA.Test", "GearStatDNA.Test\GearStatDNA.Test.csproj", "{0F655D24-0AB5-4713-968A-9FA42C42379C}"
EndProject
Global
	GlobalSection(SolutionConfigurationPlatforms) = preSolution
		Debug|Any CPU = Debug|Any CPU
		Release|Any CPU = Release|Any CPU
	EndGlobalSection
	GlobalSection(ProjectConfigurationPlatforms) = postSolution
		{E5C213A2-9E72-4CF0-B3C4-7973326F4328}.Debug|Any CPU.ActiveCfg = Debug|Any CPU
		{E5C213A2-9E72-4CF0-B3C4-7973326F4328}.Debug|Any CPU.Build.0 = Debug|Any CPU
		{E5C213A2-9E72-4CF0-B3C4-7973326F4328}.Release|Any CPU.ActiveCfg = Release|Any CPU
		{E5C213A2-9E72-4CF0-B3C4-7973326F4328}.Release|Any CPU.Build.0 = Release|Any CPU
		{0F655D24-0AB5-4713-968A-9FA42C42379C}.Debug|Any CPU.ActiveCfg = Debug|Any CPU
		{0F655D24-0AB5-4713-968A-9FA42C42379C}.Debug|Any CPU.Build.0 = Debug|Any CPU
		{0F655D24-0AB5-4713-968A-9FA42C42379C}.Release|Any CPU.ActiveCfg = Release|Any CPU
		{0F655D24-0AB5-4713-968A-9FA42C42379C}.Release|Any CPU.Build.0 = Release|Any CPU
	EndGlobalSection
	GlobalSection(SolutionProperties) = preSolution
		HideSolutionNode = FALSE
	EndGlobalSection
EndGlobal
